
Microsoft Visual Studio Solution File, Format Version 12.00
# Visual Studio 15
VisualStudioVersion = 15.0.26923.0
MinimumVisualStudioVersion = 10.0.40219.1
Project("{FAE04EC0-301F-11D3-BF4B-00C04F79EFBC}") = "PEM2PPK", "PEM2PPK\PEM2PPK.csproj", "{1E3B9335-1AAE-492E-92D4-3A233C0C8DC7}"
EndProject
Global
	GlobalSection(SolutionConfigurationPlatforms) = preSolution
		Debug|Any CPU = Debug|Any CPU
		Release|Any CPU = Release|Any CPU
	EndGlobalSection
	GlobalSection(ProjectConfigurationPlatforms) = postSolution
		{1E3B9335-1AAE-492E-92D4-3A233C0C8DC7}.Debug|Any CPU.ActiveCfg = Debug|Any CPU
		{1E3B9335-1AAE-492E-92D4-3A233C0C8DC7}.Debug|Any CPU.Build.0 = Debug|Any CPU
		{1E3B9335-1AAE-492E-92D4-3A233C0C8DC7}.Release|Any CPU.ActiveCfg = Release|Any CPU
		{1E3B9335-1AAE-492E-92D4-3A233C0C8DC7}.Release|Any CPU.Build.0 = Release|Any CPU
	EndGlobalSection
	GlobalSection(SolutionProperties) = preSolution
		HideSolutionNode = FALSE
	EndGlobalSection
	GlobalSection(ExtensibilityGlobals) = postSolution
		SolutionGuid = {01043F67-326F-4EA3-9408-3452DA920B95}
	EndGlobalSection
EndGlobal
